{
  "name": "remixicon-react-builder",
  "version": "2.0.0",
  "lockfileVersion": 3,
  "requires": true,
  "packages": {
    "": {
      "name": "remixicon-react-builder",
      "version": "2.0.0",
      "license": "MIT",
      "dependencies": {
        "remixicon": "3.2.0"
      },
      "devDependencies": {
        "@swc/core": "^1.3.56",
        "@types/node": "^18.16.3",
        "@types/react": "^18.2.0",
        "mkdirp": "^1.0.4",
        "react": "^16.0.0",
        "semver": "^7.3.5"
      }
    },
    "node_modules/@swc/core": {
      "version": "1.3.56",
      "resolved": "https://registry.npmjs.org/@swc/core/-/core-1.3.56.tgz",
      "integrity": "sha512-yz/EeXT+PMZucUNrYceRUaTfuNS4IIu5EDZSOlvCEvm4jAmZi7CYH1B/kvzEzoAOzr7zkQiDPNJftcQXLkjbjA==",
      "dev": true,
      "hasInstallScript": true,
      "engines": {
        "node": ">=10"
      },
      "funding": {
        "type": "opencollective",
        "url": "https://opencollective.com/swc"
      },
      "optionalDependencies": {
        "@swc/core-darwin-arm64": "1.3.56",
        "@swc/core-darwin-x64": "1.3.56",
        "@swc/core-linux-arm-gnueabihf": "1.3.56",
        "@swc/core-linux-arm64-gnu": "1.3.56",
        "@swc/core-linux-arm64-musl": "1.3.56",
        "@swc/core-linux-x64-gnu": "1.3.56",
        "@swc/core-linux-x64-musl": "1.3.56",
        "@swc/core-win32-arm64-msvc": "1.3.56",
        "@swc/core-win32-ia32-msvc": "1.3.56",
        "@swc/core-win32-x64-msvc": "1.3.56"
      },
      "peerDependencies": {
        "@swc/helpers": "^0.5.0"
      },
      "peerDependenciesMeta": {
        "@swc/helpers": {
          "optional": true
        }
      }
    },
    "node_modules/@swc/core-darwin-arm64": {
      "version": "1.3.56",
      "resolved": "https://registry.npmjs.org/@swc/core-darwin-arm64/-/core-darwin-arm64-1.3.56.tgz",
      "integrity": "sha512-DZcu7BzDaLEdWHabz9DRTP0yEBLqkrWmskFcD5BX0lGAvoIvE4duMnAqi5F2B3X7630QioHRCYFoRw2WkeE3Cw==",
      "cpu": [
        "arm64"
      ],
      "dev": true,
      "optional": true,
      "os": [
        "darwin"
      ],
      "engines": {
        "node": ">=10"
      }
    },
    "node_modules/@swc/core-darwin-x64": {
      "version": "1.3.56",
      "resolved": "https://registry.npmjs.org/@swc/core-darwin-x64/-/core-darwin-x64-1.3.56.tgz",
      "integrity": "sha512-VH5saqYFasdRXJy6RAT+MXm0+IjkMZvOkohJwUei+oA65cKJofQwrJ1jZro8yOJFYvUSI3jgNRGsdBkmo/4hMw==",
      "cpu": [
        "x64"
      ],
      "dev": true,
      "optional": true,
      "os": [
        "darwin"
      ],
      "engines": {
        "node": ">=10"
      }
    },
    "node_modules/@swc/core-linux-arm-gnueabihf": {
      "version": "1.3.56",
      "resolved": "https://registry.npmjs.org/@swc/core-linux-arm-gnueabihf/-/core-linux-arm-gnueabihf-1.3.56.tgz",
      "integrity": "sha512-LWwPo6NnJkH01+ukqvkoNIOpMdw+Zundm4vBeicwyVrkP+mC3kwVfi03TUFpQUz3kRKdw/QEnxGTj+MouCPbtw==",
      "cpu": [
        "arm"
      ],
      "dev": true,
      "optional": true,
      "os": [
        "linux"
      ],
      "engines": {
        "node": ">=10"
      }
    },
    "node_modules/@swc/core-linux-arm64-gnu": {
      "version": "1.3.56",
      "resolved": "https://registry.npmjs.org/@swc/core-linux-arm64-gnu/-/core-linux-arm64-gnu-1.3.56.tgz",
      "integrity": "sha512-GzsUy/4egJ4cMlxbM+Ub7AMi5CKAc+pxBxrh8MUPQbyStW8jGgnQsJouTnGy0LHawtdEnsCOl6PcO6OgvktXuQ==",
      "cpu": [
        "arm64"
      ],
      "dev": true,
      "optional": true,
      "os": [
        "linux"
      ],
      "engines": {
        "node": ">=10"
      }
    },
    "node_modules/@swc/core-linux-arm64-musl": {
      "version": "1.3.56",
      "resolved": "https://registry.npmjs.org/@swc/core-linux-arm64-musl/-/core-linux-arm64-musl-1.3.56.tgz",
      "integrity": "sha512-9gxL09BIiAv8zY0DjfnFf19bo8+P4T9tdhzPwcm+1yPJcY5yr1+YFWLNFzz01agtOj6VlZ2/wUJTaOfdjjtc+A==",
      "cpu": [
        "arm64"
      ],
      "dev": true,
      "optional": true,
      "os": [
        "linux"
      ],
      "engines": {
        "node": ">=10"
      }
    },
    "node_modules/@swc/core-linux-x64-gnu": {
      "version": "1.3.56",
      "resolved": "https://registry.npmjs.org/@swc/core-linux-x64-gnu/-/core-linux-x64-gnu-1.3.56.tgz",
      "integrity": "sha512-n0ORNknl50vMRkll3BDO1E4WOqY6iISlPV1ZQCRLWQ6YQ2q8/WAryBxc2OAybcGHBUFkxyACpJukeU1QZ/9tNw==",
      "cpu": [
        "x64"
      ],
      "dev": true,
      "optional": true,
      "os": [
        "linux"
      ],
      "engines": {
        "node": ">=10"
      }
    },
    "node_modules/@swc/core-linux-x64-musl": {
      "version": "1.3.56",
      "resolved": "https://registry.npmjs.org/@swc/core-linux-x64-musl/-/core-linux-x64-musl-1.3.56.tgz",
      "integrity": "sha512-r+D34WLAOAlJtfw1gaVWpHRwCncU9nzW9i7w9kSw4HpWYnHJOz54jLGSEmNsrhdTCz1VK2ar+V2ktFUsrlGlDA==",
      "cpu": [
        "x64"
      ],
      "dev": true,
      "optional": true,
      "os": [
        "linux"
      ],
      "engines": {
        "node": ">=10"
      }
    },
    "node_modules/@swc/core-win32-arm64-msvc": {
      "version": "1.3.56",
      "resolved": "https://registry.npmjs.org/@swc/core-win32-arm64-msvc/-/core-win32-arm64-msvc-1.3.56.tgz",
      "integrity": "sha512-29Yt75Is6X24z3x8h/xZC1HnDPkPpyLH9mDQiM6Cuc0I9mVr1XSriPEUB2N/awf5IE4SA8c+3IVq1DtKWbkJIw==",
      "cpu": [
        "arm64"
      ],
      "dev": true,
      "optional": true,
      "os": [
        "win32"
      ],
      "engines": {
        "node": ">=10"
      }
    },
    "node_modules/@swc/core-win32-ia32-msvc": {
      "version": "1.3.56",
      "resolved": "https://registry.npmjs.org/@swc/core-win32-ia32-msvc/-/core-win32-ia32-msvc-1.3.56.tgz",
      "integrity": "sha512-mplp0zbYDrcHtfvkniXlXdB04e2qIjz2Gq/XHKr4Rnc6xVORJjjXF91IemXKpavx2oZYJws+LNJL7UFQ8jyCdQ==",
      "cpu": [
        "ia32"
      ],
      "dev": true,
      "optional": true,
      "os": [
        "win32"
      ],
      "engines": {
        "node": ">=10"
      }
    },
    "node_modules/@swc/core-win32-x64-msvc": {
      "version": "1.3.56",
      "resolved": "https://registry.npmjs.org/@swc/core-win32-x64-msvc/-/core-win32-x64-msvc-1.3.56.tgz",
      "integrity": "sha512-zp8MBnrw/bjdLenO/ifYzHrImSjKunqL0C2IF4LXYNRfcbYFh2NwobsVQMZ20IT0474lKRdlP8Oxdt+bHuXrzA==",
      "cpu": [
        "x64"
      ],
      "dev": true,
      "optional": true,
      "os": [
        "win32"
      ],
      "engines": {
        "node": ">=10"
      }
    },
    "node_modules/@types/node": {
      "version": "18.16.3",
      "resolved": "https://registry.npmjs.org/@types/node/-/node-18.16.3.tgz",
      "integrity": "sha512-OPs5WnnT1xkCBiuQrZA4+YAV4HEJejmHneyraIaxsbev5yCEr6KMwINNFP9wQeFIw8FWcoTqF3vQsa5CDaI+8Q==",
      "dev": true
    },
    "node_modules/@types/prop-types": {
      "version": "15.7.4",
      "resolved": "https://registry.npmjs.org/@types/prop-types/-/prop-types-15.7.4.tgz",
      "integrity": "sha512-rZ5drC/jWjrArrS8BR6SIr4cWpW09RNTYt9AMZo3Jwwif+iacXAqgVjm0B0Bv/S1jhDXKHqRVNCbACkJ89RAnQ==",
      "dev": true
    },
    "node_modules/@types/react": {
      "version": "18.2.0",
      "resolved": "https://registry.npmjs.org/@types/react/-/react-18.2.0.tgz",
      "integrity": "sha512-0FLj93y5USLHdnhIhABk83rm8XEGA7kH3cr+YUlvxoUGp1xNt/DINUMvqPxLyOQMzLmZe8i4RTHbvb8MC7NmrA==",
      "dev": true,
      "dependencies": {
        "@types/prop-types": "*",
        "@types/scheduler": "*",
        "csstype": "^3.0.2"
      }
    },
    "node_modules/@types/scheduler": {
      "version": "0.16.2",
      "resolved": "https://registry.npmjs.org/@types/scheduler/-/scheduler-0.16.2.tgz",
      "integrity": "sha512-hppQEBDmlwhFAXKJX2KnWLYu5yMfi91yazPb2l+lbJiwW+wdo1gNeRA+3RgNSO39WYX2euey41KEwnqesU2Jew==",
      "dev": true
    },
    "node_modules/csstype": {
      "version": "3.0.9",
      "resolved": "https://registry.npmjs.org/csstype/-/csstype-3.0.9.tgz",
      "integrity": "sha512-rpw6JPxK6Rfg1zLOYCSwle2GFOOsnjmDYDaBwEcwoOg4qlsIVCN789VkBZDJAGi4T07gI4YSutR43t9Zz4Lzuw==",
      "dev": true
    },
    "node_modules/js-tokens": {
      "version": "3.0.2",
      "resolved": "https://registry.npmjs.org/js-tokens/-/js-tokens-3.0.2.tgz",
      "integrity": "sha1-mGbfOVECEw449/mWvOtlRDIJwls=",
      "dev": true
    },
    "node_modules/loose-envify": {
      "version": "1.4.0",
      "resolved": "https://registry.npmjs.org/loose-envify/-/loose-envify-1.4.0.tgz",
      "integrity": "sha512-lyuxPGr/Wfhrlem2CL/UcnUc1zcqKAImBDzukY7Y5F/yQiNdko6+fRLevlw1HgMySw7f611UIY408EtxRSoK3Q==",
      "dev": true,
      "dependencies": {
        "js-tokens": "^3.0.0 || ^4.0.0"
      },
      "bin": {
        "loose-envify": "cli.js"
      }
    },
    "node_modules/lru-cache": {
      "version": "6.0.0",
      "resolved": "https://registry.npmjs.org/lru-cache/-/lru-cache-6.0.0.tgz",
      "integrity": "sha512-Jo6dJ04CmSjuznwJSS3pUeWmd/H0ffTlkXXgwZi+eq1UCmqQwCh+eLsYOYCwY991i2Fah4h1BEMCx4qThGbsiA==",
      "dev": true,
      "dependencies": {
        "yallist": "^4.0.0"
      },
      "engines": {
        "node": ">=10"
      }
    },
    "node_modules/mkdirp": {
      "version": "1.0.4",
      "resolved": "https://registry.npmjs.org/mkdirp/-/mkdirp-1.0.4.tgz",
      "integrity": "sha512-vVqVZQyf3WLx2Shd0qJ9xuvqgAyKPLAiqITEtqW0oIUjzo3PePDd6fW9iFz30ef7Ysp/oiWqbhszeGWW2T6Gzw==",
      "dev": true,
      "bin": {
        "mkdirp": "bin/cmd.js"
      },
      "engines": {
        "node": ">=10"
      }
    },
    "node_modules/object-assign": {
      "version": "4.1.1",
      "resolved": "https://registry.npmjs.org/object-assign/-/object-assign-4.1.1.tgz",
      "integrity": "sha1-IQmtx5ZYh8/AXLvUQsrIv7s2CGM=",
      "dev": true,
      "engines": {
        "node": ">=0.10.0"
      }
    },
    "node_modules/prop-types": {
      "version": "15.7.2",
      "resolved": "https://registry.npmjs.org/prop-types/-/prop-types-15.7.2.tgz",
      "integrity": "sha512-8QQikdH7//R2vurIJSutZ1smHYTcLpRWEOlHnzcWHmBYrOGUysKwSsrC89BCiFj3CbrfJ/nXFdJepOVrY1GCHQ==",
      "dev": true,
      "dependencies": {
        "loose-envify": "^1.4.0",
        "object-assign": "^4.1.1",
        "react-is": "^16.8.1"
      }
    },
    "node_modules/react": {
      "version": "16.13.1",
      "resolved": "https://registry.npmjs.org/react/-/react-16.13.1.tgz",
      "integrity": "sha512-YMZQQq32xHLX0bz5Mnibv1/LHb3Sqzngu7xstSM+vrkE5Kzr9xE0yMByK5kMoTK30YVJE61WfbxIFFvfeDKT1w==",
      "dev": true,
      "dependencies": {
        "loose-envify": "^1.1.0",
        "object-assign": "^4.1.1",
        "prop-types": "^15.6.2"
      },
      "engines": {
        "node": ">=0.10.0"
      }
    },
    "node_modules/react-is": {
      "version": "16.13.1",
      "resolved": "https://registry.npmjs.org/react-is/-/react-is-16.13.1.tgz",
      "integrity": "sha512-24e6ynE2H+OKt4kqsOvNd8kBpV65zoxbA4BVsEOB3ARVWQki/DHzaUoC5KuON/BiccDaCCTZBuOcfZs70kR8bQ==",
      "dev": true
    },
    "node_modules/remixicon": {
      "version": "3.2.0",
      "resolved": "https://registry.npmjs.org/remixicon/-/remixicon-3.2.0.tgz",
      "integrity": "sha512-ADh4EQE4UGtm9GHqD+TIfVp1b0zeWso6efaMAnejdB6/7Z1W02Ka5K8khQaz+LNgIqC6dSZxCvXMWNalYWHiNQ=="
    },
    "node_modules/semver": {
      "version": "7.3.5",
      "resolved": "https://registry.npmjs.org/semver/-/semver-7.3.5.tgz",
      "integrity": "sha512-PoeGJYh8HK4BTO/a9Tf6ZG3veo/A7ZVsYrSA6J8ny9nb3B1VrpkuN+z9OE5wfE5p6H4LchYZsegiQgbJD94ZFQ==",
      "dev": true,
      "dependencies": {
        "lru-cache": "^6.0.0"
      },
      "bin": {
        "semver": "bin/semver.js"
      },
      "engines": {
        "node": ">=10"
      }
    },
    "node_modules/yallist": {
      "version": "4.0.0",
      "resolved": "https://registry.npmjs.org/yallist/-/yallist-4.0.0.tgz",
      "integrity": "sha512-3wdGidZyq5PB084XLES5TpOSRA3wjXAlIWMhum2kRcv/41Sn2emQ0dycQW4uZXLejwKvg6EsvbdlVL+FYEct7A==",
      "dev": true
    }
  }
}
